
Microsoft Visual Studio Solution File, Format Version 12.00
# Visual Studio Version 17
VisualStudioVersion = 17.4.33110.190
MinimumVisualStudioVersion = 10.0.40219.1
Project("{9A19103F-16F7-4668-BE54-9A1E7A4F7556}") = "Pkup.Console", "src\Pkup.Console\Pkup.Console.csproj", "{9F25BC50-2F66-400D-B803-3734952D313B}"
EndProject
Project("{9A19103F-16F7-4668-BE54-9A1E7A4F7556}") = "Pkup", "src\Pkup\Pkup.csproj", "{79C85B49-E34A-4B97-855C-90F9AC6E5146}"
EndProject
Project("{9A19103F-16F7-4668-BE54-9A1E7A4F7556}") = "Pkup.Console.Tests", "tests\Pkup.Console.Tests\Pkup.Console.Tests.csproj", "{ED320F64-8536-40EB-A95B-89323025DF73}"
EndProject
Project("{2150E333-8FDC-42A3-9474-1A3956D46DE8}") = "Solution Items", "Solution Items", "{5B97755E-48A7-4681-875B-F2E0886625E5}"
	ProjectSection(SolutionItems) = preProject
		.editorconfig = .editorconfig
	EndProjectSection
EndProject
Global
	GlobalSection(SolutionConfigurationPlatforms) = preSolution
		Debug|Any CPU = Debug|Any CPU
		Release|Any CPU = Release|Any CPU
	EndGlobalSection
	GlobalSection(ProjectConfigurationPlatforms) = postSolution
		{9F25BC50-2F66-400D-B803-3734952D313B}.Debug|Any CPU.ActiveCfg = Debug|Any CPU
		{9F25BC50-2F66-400D-B803-3734952D313B}.Debug|Any CPU.Build.0 = Debug|Any CPU
		{9F25BC50-2F66-400D-B803-3734952D313B}.Release|Any CPU.ActiveCfg = Release|Any CPU
		{9F25BC50-2F66-400D-B803-3734952D313B}.Release|Any CPU.Build.0 = Release|Any CPU
		{79C85B49-E34A-4B97-855C-90F9AC6E5146}.Debug|Any CPU.ActiveCfg = Debug|Any CPU
		{79C85B49-E34A-4B97-855C-90F9AC6E5146}.Debug|Any CPU.Build.0 = Debug|Any CPU
		{79C85B49-E34A-4B97-855C-90F9AC6E5146}.Release|Any CPU.ActiveCfg = Release|Any CPU
		{79C85B49-E34A-4B97-855C-90F9AC6E5146}.Release|Any CPU.Build.0 = Release|Any CPU
		{ED320F64-8536-40EB-A95B-89323025DF73}.Debug|Any CPU.ActiveCfg = Debug|Any CPU
		{ED320F64-8536-40EB-A95B-89323025DF73}.Debug|Any CPU.Build.0 = Debug|Any CPU
		{ED320F64-8536-40EB-A95B-89323025DF73}.Release|Any CPU.ActiveCfg = Release|Any CPU
		{ED320F64-8536-40EB-A95B-89323025DF73}.Release|Any CPU.Build.0 = Release|Any CPU
	EndGlobalSection
	GlobalSection(SolutionProperties) = preSolution
		HideSolutionNode = FALSE
	EndGlobalSection
	GlobalSection(ExtensibilityGlobals) = postSolution
		SolutionGuid = {8C040774-5F31-4853-956D-D89D2C7DF69B}
	EndGlobalSection
EndGlobal
